{
  "name": "yy",
  "version": "1.0.0",
  "lockfileVersion": 1,
  "requires": true,
  "dependencies": {
    "@babel/runtime": {
      "version": "7.19.0",
      "resolved": "https://registry.npmjs.org/@babel/runtime/-/runtime-7.19.0.tgz",
      "integrity": "sha512-eR8Lo9hnDS7tqkO7NsV+mKvCmv5boaXFSZ70DnfhcgiEne8hv9oCEd36Klw74EtizEqLsy4YnW8UWwpBVolHZA==",
      "requires": {
        "regenerator-runtime": "^0.13.4"
      }
    },
    "@videojs/http-streaming": {
      "version": "2.2.4",
      "resolved": "https://registry.npmjs.org/@videojs/http-streaming/-/http-streaming-2.2.4.tgz",
      "integrity": "sha512-gzT46RpAEegOhMId/zZ6uXCVGDMPOv8qmoTykBuvd6/4lVM3lZ1ZJCq0kytAkisDuDKipy93gP46oZEtonlc/Q==",
      "requires": {
        "@babel/runtime": "^7.5.5",
        "@videojs/vhs-utils": "^2.2.1",
        "aes-decrypter": "3.1.0",
        "global": "^4.3.2",
        "m3u8-parser": "4.5.0",
        "mpd-parser": "0.14.0",
        "mux.js": "5.6.7",
        "video.js": "^6 || ^7"
      }
    },
    "@videojs/vhs-utils": {
      "version": "2.3.0",
      "resolved": "https://registry.npmjs.org/@videojs/vhs-utils/-/vhs-utils-2.3.0.tgz",
      "integrity": "sha512-ThSmm91S7tuIJ757ON50K4y7S/bvKN4+B0tu303gCOxaG57PoP1UvPfMQZ90XGhxwNgngexVojOqbBHhTvXVHQ==",
      "requires": {
        "@babel/runtime": "^7.5.5",
        "global": "^4.3.2",
        "url-toolkit": "^2.1.6"
      }
    },
    "@videojs/xhr": {
      "version": "2.5.1",
      "resolved": "https://registry.npmjs.org/@videojs/xhr/-/xhr-2.5.1.tgz",
      "integrity": "sha512-wV9nGESHseSK+S9ePEru2+OJZ1jq/ZbbzniGQ4weAmTIepuBMSYPx5zrxxQA0E786T5ykpO8ts+LayV+3/oI2w==",
      "requires": {
        "@babel/runtime": "^7.5.5",
        "global": "~4.4.0",
        "is-function": "^1.0.1"
      },
      "dependencies": {
        "global": {
          "version": "4.4.0",
          "resolved": "https://registry.npmjs.org/global/-/global-4.4.0.tgz",
          "integrity": "sha512-wv/LAoHdRE3BeTGz53FAamhGlPLhlssK45usmGFThIi4XqnBmjKQ16u+RNbP7WvigRZDxUsM0J3gcQ5yicaL0w==",
          "requires": {
            "min-document": "^2.19.0",
            "process": "^0.11.10"
          }
        },
        "process": {
          "version": "0.11.10",
          "resolved": "https://registry.npmjs.org/process/-/process-0.11.10.tgz",
          "integrity": "sha512-cdGef/drWFoydD1JsMzuFf8100nZl+GT+yacc2bEced5f9Rjk4z+WtFUTBu9PhOi9j/jfmBPu0mMEY4wIdAF8A=="
        }
      }
    },
    "aes-decrypter": {
      "version": "3.1.0",
      "resolved": "https://registry.npmjs.org/aes-decrypter/-/aes-decrypter-3.1.0.tgz",
      "integrity": "sha512-wL1NFwP2yNrJG4InpXYFhhYe9TfonnDyhyxMq2+K9/qt+SrZzUieOpviN6pkDly7GawTqw5feehk0rn5iYo00g==",
      "requires": {
        "@babel/runtime": "^7.5.5",
        "@videojs/vhs-utils": "^2.2.1",
        "global": "^4.3.2",
        "pkcs7": "^1.0.4"
      }
    },
    "dom-walk": {
      "version": "0.1.2",
      "resolved": "https://registry.npmjs.org/dom-walk/-/dom-walk-0.1.2.tgz",
      "integrity": "sha512-6QvTW9mrGeIegrFXdtQi9pk7O/nSK6lSdXW2eqUspN5LWD7UTji2Fqw5V2YLjBpHEoU9Xl/eUWNpDeZvoyOv2w=="
    },
    "global": {
      "version": "4.3.2",
      "resolved": "https://registry.npmjs.org/global/-/global-4.3.2.tgz",
      "integrity": "sha512-/4AybdwIDU4HkCUbJkZdWpe4P6vuw/CUtu+0I1YlLIPe7OlUO7KNJ+q/rO70CW2/NW6Jc6I62++Hzsf5Alu6rQ==",
      "requires": {
        "min-document": "^2.19.0",
        "process": "~0.5.1"
      }
    },
    "individual": {
      "version": "2.0.0",
      "resolved": "https://registry.npmjs.org/individual/-/individual-2.0.0.tgz",
      "integrity": "sha512-pWt8hBCqJsUWI/HtcfWod7+N9SgAqyPEaF7JQjwzjn5vGrpg6aQ5qeAFQ7dx//UH4J1O+7xqew+gCeeFt6xN/g=="
    },
    "is-function": {
      "version": "1.0.2",
      "resolved": "https://registry.npmjs.org/is-function/-/is-function-1.0.2.tgz",
      "integrity": "sha512-lw7DUp0aWXYg+CBCN+JKkcE0Q2RayZnSvnZBlwgxHBQhqt5pZNVy4Ri7H9GmmXkdu7LUthszM+Tor1u/2iBcpQ=="
    },
    "keycode": {
      "version": "2.2.1",
      "resolved": "https://registry.npmjs.org/keycode/-/keycode-2.2.1.tgz",
      "integrity": "sha512-Rdgz9Hl9Iv4QKi8b0OlCRQEzp4AgVxyCtz5S/+VIHezDmrDhkp2N2TqBWOLz0/gbeREXOOiI9/4b8BY9uw2vFg=="
    },
    "m3u8-parser": {
      "version": "4.5.0",
      "resolved": "https://registry.npmjs.org/m3u8-parser/-/m3u8-parser-4.5.0.tgz",
      "integrity": "sha512-RGm/1WVCX3o1bSWbJGmJUu4zTbtJy8lImtgHM4CESFvJRXYztr1j6SW/q9/ghYOrUjgH7radsIar+z1Leln0sA==",
      "requires": {
        "@babel/runtime": "^7.5.5",
        "@videojs/vhs-utils": "^2.2.1",
        "global": "^4.3.2"
      }
    },
    "min-document": {
      "version": "2.19.0",
      "resolved": "https://registry.npmjs.org/min-document/-/min-document-2.19.0.tgz",
      "integrity": "sha512-9Wy1B3m3f66bPPmU5hdA4DR4PB2OfDU/+GS3yAB7IQozE3tqXaVv2zOjgla7MEGSRv95+ILmOuvhLkOK6wJtCQ==",
      "requires": {
        "dom-walk": "^0.1.0"
      }
    },
    "moment": {
      "version": "2.29.2",
      "resolved": "https://registry.npmjs.org/moment/-/moment-2.29.2.tgz",
      "integrity": "sha512-UgzG4rvxYpN15jgCmVJwac49h9ly9NurikMWGPdVxm8GZD6XjkKPxDTjQQ43gtGgnV3X0cAyWDdP2Wexoquifg=="
    },
    "mpd-parser": {
      "version": "0.14.0",
      "resolved": "https://registry.npmjs.org/mpd-parser/-/mpd-parser-0.14.0.tgz",
      "integrity": "sha512-HqXQS3WLofcnYFcxv5oWdlciddUaEnN3NasXLVQ793mdnZRrinjz2Yk1DsUYPDYOUWf6ZBBqbFhaJT5LiT2ouA==",
      "requires": {
        "@babel/runtime": "^7.5.5",
        "@videojs/vhs-utils": "^2.2.1",
        "global": "^4.3.2",
        "xmldom": "^0.1.27"
      }
    },
    "mux.js": {
      "version": "5.6.7",
      "resolved": "https://registry.npmjs.org/mux.js/-/mux.js-5.6.7.tgz",
      "integrity": "sha512-YSr6B8MUgE4S18MptbY2XM+JKGbw9JDkgs7YkuE/T2fpDKjOhZfb/nD6vmsVxvLYOExWNaQn1UGBp6PGsnTtew=="
    },
    "pkcs7": {
      "version": "1.0.4",
      "resolved": "https://registry.npmjs.org/pkcs7/-/pkcs7-1.0.4.tgz",
      "integrity": "sha512-afRERtHn54AlwaF2/+LFszyAANTCggGilmcmILUzEjvs3XgFZT+xE6+QWQcAGmu4xajy+Xtj7acLOPdx5/eXWQ==",
      "requires": {
        "@babel/runtime": "^7.5.5"
      }
    },
    "process": {
      "version": "0.5.2",
      "resolved": "https://registry.npmjs.org/process/-/process-0.5.2.tgz",
      "integrity": "sha512-oNpcutj+nYX2FjdEW7PGltWhXulAnFlM0My/k48L90hARCOJtvBbQXc/6itV2jDvU5xAAtonP+r6wmQgCcbAUA=="
    },
    "regenerator-runtime": {
      "version": "0.13.9",
      "resolved": "https://registry.npmjs.org/regenerator-runtime/-/regenerator-runtime-0.13.9.tgz",
      "integrity": "sha512-p3VT+cOEgxFsRRA9X4lkI1E+k2/CtnKtU4gcxyaCUreilL/vqI6CdZ3wxVUx3UOUg+gnUOQQcRI7BmSI656MYA=="
    },
    "rust-result": {
      "version": "1.0.0",
      "resolved": "https://registry.npmjs.org/rust-result/-/rust-result-1.0.0.tgz",
      "integrity": "sha512-6cJzSBU+J/RJCF063onnQf0cDUOHs9uZI1oroSGnHOph+CQTIJ5Pp2hK5kEQq1+7yE/EEWfulSNXAQ2jikPthA==",
      "requires": {
        "individual": "^2.0.0"
      }
    },
    "safe-json-parse": {
      "version": "4.0.0",
      "resolved": "https://registry.npmjs.org/safe-json-parse/-/safe-json-parse-4.0.0.tgz",
      "integrity": "sha512-RjZPPHugjK0TOzFrLZ8inw44s9bKox99/0AZW9o/BEQVrJfhI+fIHMErnPyRa89/yRXUUr93q+tiN6zhoVV4wQ==",
      "requires": {
        "rust-result": "^1.0.0"
      }
    },
    "url-toolkit": {
      "version": "2.2.5",
      "resolved": "https://registry.npmjs.org/url-toolkit/-/url-toolkit-2.2.5.tgz",
      "integrity": "sha512-mtN6xk+Nac+oyJ/PrI7tzfmomRVNFIWKUbG8jdYFt52hxbiReFAXIjYskvu64/dvuW71IcB7lV8l0HvZMac6Jg=="
    },
    "uview-ui": {
      "version": "2.0.30",
      "resolved": "https://registry.npmjs.org/uview-ui/-/uview-ui-2.0.30.tgz",
      "integrity": "sha512-hRl+QDh13O75c59Ddhbu8nifMRukUTEitjzFFo7eZqTwmAEZQ2J1+Fn5S4ZpwVyGupQLfvGbv8Q4ps4oyBGj+g=="
    },
    "video.js": {
      "version": "7.10.2",
      "resolved": "https://registry.npmjs.org/video.js/-/video.js-7.10.2.tgz",
      "integrity": "sha512-kJTTrqcQn2MhPzWR8zQs6W3HPJWpowO/ZGZcKt2dcJeJdJT0dEDLYtiFdjV37SylCmu66V0flRnV8cipbthveQ==",
      "requires": {
        "@babel/runtime": "^7.9.2",
        "@videojs/http-streaming": "2.2.4",
        "@videojs/xhr": "2.5.1",
        "global": "4.3.2",
        "keycode": "^2.2.0",
        "safe-json-parse": "4.0.0",
        "videojs-font": "3.2.0",
        "videojs-vtt.js": "^0.15.2"
      }
    },
    "videojs-flash": {
      "version": "2.2.1",
      "resolved": "https://registry.npmjs.org/videojs-flash/-/videojs-flash-2.2.1.tgz",
      "integrity": "sha512-mHu6TD12EKkxMvr8tg4AcfV/DuVLff427nneoZom3N9Dd2bv0sJOWwdLPQH1v5BCuAuXAVuAOba56ovTl+G3tQ==",
      "requires": {
        "global": "^4.4.0",
        "video.js": "^6 || ^7",
        "videojs-swf": "5.4.2"
      },
      "dependencies": {
        "global": {
          "version": "4.4.0",
          "resolved": "https://registry.npmjs.org/global/-/global-4.4.0.tgz",
          "integrity": "sha512-wv/LAoHdRE3BeTGz53FAamhGlPLhlssK45usmGFThIi4XqnBmjKQ16u+RNbP7WvigRZDxUsM0J3gcQ5yicaL0w==",
          "requires": {
            "min-document": "^2.19.0",
            "process": "^0.11.10"
          }
        },
        "process": {
          "version": "0.11.10",
          "resolved": "https://registry.npmjs.org/process/-/process-0.11.10.tgz",
          "integrity": "sha512-cdGef/drWFoydD1JsMzuFf8100nZl+GT+yacc2bEced5f9Rjk4z+WtFUTBu9PhOi9j/jfmBPu0mMEY4wIdAF8A=="
        }
      }
    },
    "videojs-font": {
      "version": "3.2.0",
      "resolved": "https://registry.npmjs.org/videojs-font/-/videojs-font-3.2.0.tgz",
      "integrity": "sha512-g8vHMKK2/JGorSfqAZQUmYYNnXmfec4MLhwtEFS+mMs2IDY398GLysy6BH6K+aS1KMNu/xWZ8Sue/X/mdQPliA=="
    },
    "videojs-swf": {
      "version": "5.4.2",
      "resolved": "https://registry.npmjs.org/videojs-swf/-/videojs-swf-5.4.2.tgz",
      "integrity": "sha512-FGg+Csioa8/A/EacvFefBdb9Z0rSiMlheHDunZnN3xXfUF43jvjawcWFQnZvrv1Cs1nE1LBrHyUZjF7j2mKOLw=="
    },
    "videojs-vtt.js": {
      "version": "0.15.4",
      "resolved": "https://registry.npmjs.org/videojs-vtt.js/-/videojs-vtt.js-0.15.4.tgz",
      "integrity": "sha512-r6IhM325fcLb1D6pgsMkTQT1PpFdUdYZa1iqk7wJEu+QlibBwATPfPc9Bg8Jiym0GE5yP1AG2rMLu+QMVWkYtA==",
      "requires": {
        "global": "^4.3.1"
      }
    },
    "xmldom": {
      "version": "0.1.31",
      "resolved": "https://registry.npmjs.org/xmldom/-/xmldom-0.1.31.tgz",
      "integrity": "sha512-yS2uJflVQs6n+CyjHoaBmVSqIDevTAWrzMmjG1Gc7h1qQ7uVozNhEPJAwZXWyGQ/Gafo3fCwrcaokezLPupVyQ=="
    }
  }
}
